
Microsoft Visual Studio Solution File, Format Version 12.00
# Visual Studio Version 17
VisualStudioVersion = 17.11.35312.102
MinimumVisualStudioVersion = 10.0.40219.1
Project("{FAE04EC0-301F-11D3-BF4B-00C04F79EFBC}") = "Creational_FactoryMethod", "Creational_FactoryMethod\Creational_FactoryMethod.csproj", "{E1648CCF-B917-4CA3-8962-7A137A29FB23}"
EndProject
Global
	GlobalSection(SolutionConfigurationPlatforms) = preSolution
		Debug|Any CPU = Debug|Any CPU
		Release|Any CPU = Release|Any CPU
	EndGlobalSection
	GlobalSection(ProjectConfigurationPlatforms) = postSolution
		{E1648CCF-B917-4CA3-8962-7A137A29FB23}.Debug|Any CPU.ActiveCfg = Debug|Any CPU
		{E1648CCF-B917-4CA3-8962-7A137A29FB23}.Debug|Any CPU.Build.0 = Debug|Any CPU
		{E1648CCF-B917-4CA3-8962-7A137A29FB23}.Release|Any CPU.ActiveCfg = Release|Any CPU
		{E1648CCF-B917-4CA3-8962-7A137A29FB23}.Release|Any CPU.Build.0 = Release|Any CPU
	EndGlobalSection
	GlobalSection(SolutionProperties) = preSolution
		HideSolutionNode = FALSE
	EndGlobalSection
	GlobalSection(ExtensibilityGlobals) = postSolution
		SolutionGuid = {31E06457-80E1-4110-875B-0331597B1A1E}
	EndGlobalSection
EndGlobal
